// !$*UTF8*$!
{
	archiveVersion = 1;
	classes = {
	};
	objectVersion = 50;
	objects = {

/* Begin PBXBuildFile section */
		F1236707213D5DA40052E8C2 /* AppDelegate.swift in Sources */ = {isa = PBXBuildFile; fileRef = F1236706213D5DA40052E8C2 /* AppDelegate.swift */; };
		F1236709213D5DA40052E8C2 /* ViewController.swift in Sources */ = {isa = PBXBuildFile; fileRef = F1236708213D5DA40052E8C2 /* ViewController.swift */; };
		F123670C213D5DA40052E8C2 /* Main.storyboard in Resources */ = {isa = PBXBuildFile; fileRef = F123670A213D5DA40052E8C2 /* Main.storyboard */; };
		F123670E213D5DA50052E8C2 /* Assets.xcassets in Resources */ = {isa = PBXBuildFile; fileRef = F123670D213D5DA50052E8C2 /* Assets.xcassets */; };
		F1236711213D5DA50052E8C2 /* LaunchScreen.storyboard in Resources */ = {isa = PBXBuildFile; fileRef = F123670F213D5DA50052E8C2 /* LaunchScreen.storyboard */; };
		F1236719213D5E1C0052E8C2 /* sample.mp4 in Resources */ = {isa = PBXBuildFile; fileRef = F1236718213D5E1C0052E8C2 /* sample.mp4 */; };
		F123671B213D5EAC0052E8C2 /* ViewController2.swift in Sources */ = {isa = PBXBuildFile; fileRef = F123671A213D5EAC0052E8C2 /* ViewController2.swift */; };
		F123671D213D5F440052E8C2 /* sample.image8.2.png in Resources */ = {isa = PBXBuildFile; fileRef = F123671C213D5F440052E8C2 /* sample.image8.2.png */; };
		F1236720213D5F540052E8C2 /* sample.image8.png in Resources */ = {isa = PBXBuildFile; fileRef = F123671E213D5F540052E8C2 /* sample.image8.png */; };
		F1236721213D5F540052E8C2 /* sample.image8.1.png in Resources */ = {isa = PBXBuildFile; fileRef = F123671F213D5F540052E8C2 /* sample.image8.1.png */; };
/* End PBXBuildFile section */

/* Begin PBXFileReference section */
		F1236703213D5DA40052E8C2 /* newAppsDemo3.app */ = {isa = PBXFileReference; explicitFileType = wrapper.application; includeInIndex = 0; path = newAppsDemo3.app; sourceTree = BUILT_PRODUCTS_DIR; };
		F1236706213D5DA40052E8C2 /* AppDelegate.swift */ = {isa = PBXFileReference; lastKnownFileType = sourcecode.swift; path = AppDelegate.swift; sourceTree = "<group>"; };
		F1236708213D5DA40052E8C2 /* ViewController.swift */ = {isa = PBXFileReference; lastKnownFileType = sourcecode.swift; path = ViewController.swift; sourceTree = "<group>"; };
		F123670B213D5DA40052E8C2 /* Base */ = {isa = PBXFileReference; lastKnownFileType = file.storyboard; name = Base; path = Base.lproj/Main.storyboard; sourceTree = "<group>"; };
		F123670D213D5DA50052E8C2 /* Assets.xcassets */ = {isa = PBXFileReference; lastKnownFileType = folder.assetcatalog; path = Assets.xcassets; sourceTree = "<group>"; };
		F1236710213D5DA50052E8C2 /* Base */ = {isa = PBXFileReference; lastKnownFileType = file.storyboard; name = Base; path = Base.lproj/LaunchScreen.storyboard; sourceTree = "<group>"; };
		F1236712213D5DA50052E8C2 /* Info.plist */ = {isa = PBXFileReference; lastKnownFileType = text.plist.xml; path = Info.plist; sourceTree = "<group>"; };
		F1236718213D5E1C0052E8C2 /* sample.mp4 */ = {isa = PBXFileReference; lastKnownFileType = file; name = sample.mp4; path = "../../Desktop/picture for App/sample.mp4"; sourceTree = "<group>"; };
		F123671A213D5EAC0052E8C2 /* ViewController2.swift */ = {isa = PBXFileReference; lastKnownFileType = sourcecode.swift; name = ViewController2.swift; path = ../../ViewController2.swift; sourceTree = "<group>"; };
		F123671C213D5F440052E8C2 /* sample.image8.2.png */ = {isa = PBXFileReference; lastKnownFileType = image.png; name = sample.image8.2.png; path = "../../Desktop/picture for App/sample.image8.2.png"; sourceTree = "<group>"; };
		F123671E213D5F540052E8C2 /* sample.image8.png */ = {isa = PBXFileReference; lastKnownFileType = image.png; name = sample.image8.png; path = "../../Desktop/picture for App/sample.image8.png"; sourceTree = "<group>"; };
		F123671F213D5F540052E8C2 /* sample.image8.1.png */ = {isa = PBXFileReference; lastKnownFileType = image.png; name = sample.image8.1.png; path = "../../Desktop/picture for App/sample.image8.1.png"; sourceTree = "<group>"; };
/* End PBXFileReference section */

/* Begin PBXFrameworksBuildPhase section */
		F1236700213D5DA40052E8C2 /* Frameworks */ = {
			isa = PBXFrameworksBuildPhase;
			buildActionMask = 2147483647;
			files = (
			);
			runOnlyForDeploymentPostprocessing = 0;
		};
/* End PBXFrameworksBuildPhase section */

/* Begin PBXGroup section */
		F12366FA213D5DA40052E8C2 = {
			isa = PBXGroup;
			children = (
				F1236705213D5DA40052E8C2 /* newAppsDemo3 */,
				F1236704213D5DA40052E8C2 /* Products */,
			);
			sourceTree = "<group>";
		};
		F1236704213D5DA40052E8C2 /* Products */ = {
			isa = PBXGroup;
			children = (
				F1236703213D5DA40052E8C2 /* newAppsDemo3.app */,
			);
			name = Products;
			sourceTree = "<group>";
		};
		F1236705213D5DA40052E8C2 /* newAppsDemo3 */ = {
			isa = PBXGroup;
			children = (
				F123671F213D5F540052E8C2 /* sample.image8.1.png */,
				F123671E213D5F540052E8C2 /* sample.image8.png */,
				F123671C213D5F440052E8C2 /* sample.image8.2.png */,
				F1236718213D5E1C0052E8C2 /* sample.mp4 */,
				F1236706213D5DA40052E8C2 /* AppDelegate.swift */,
				F1236708213D5DA40052E8C2 /* ViewController.swift */,
				F123670A213D5DA40052E8C2 /* Main.storyboard */,
				F123670D213D5DA50052E8C2 /* Assets.xcassets */,
				F123670F213D5DA50052E8C2 /* LaunchScreen.storyboard */,
				F1236712213D5DA50052E8C2 /* Info.plist */,
				F123671A213D5EAC0052E8C2 /* ViewController2.swift */,
			);
			path = newAppsDemo3;
			sourceTree = "<group>";
		};
/* End PBXGroup section */

/* Begin PBXNativeTarget section */
		F1236702213D5DA40052E8C2 /* newAppsDemo3 */ = {
			isa = PBXNativeTarget;
			buildConfigurationList = F1236715213D5DA50052E8C2 /* Build configuration list for PBXNativeTarget "newAppsDemo3" */;
			buildPhases = (
				F12366FF213D5DA40052E8C2 /* Sources */,
				F1236700213D5DA40052E8C2 /* Frameworks */,
				F1236701213D5DA40052E8C2 /* Resources */,
			);
			buildRules = (
			);
			dependencies = (
			);
			name = newAppsDemo3;
			productName = newAppsDemo3;
			productReference = F1236703213D5DA40052E8C2 /* newAppsDemo3.app */;
			productType = "com.apple.product-type.application";
		};
/* End PBXNativeTarget section */

/* Begin PBXProject section */
		F12366FB213D5DA40052E8C2 /* Project object */ = {
			isa = PBXProject;
			attributes = {
				LastSwiftUpdateCheck = 0940;
				LastUpgradeCheck = 0940;
				ORGANIZATIONNAME = CaoQian;
				TargetAttributes = {
					F1236702213D5DA40052E8C2 = {
						CreatedOnToolsVersion = 9.4.1;
					};
				};
			};
			buildConfigurationList = F12366FE213D5DA40052E8C2 /* Build configuration list for PBXProject "newAppsDemo3" */;
			compatibilityVersion = "Xcode 9.3";
			developmentRegion = en;
			hasScannedForEncodings = 0;
			knownRegions = (
				en,
				Base,
			);
			mainGroup = F12366FA213D5DA40052E8C2;
			productRefGroup = F1236704213D5DA40052E8C2 /* Products */;
			projectDirPath = "";
			projectRoot = "";
			targets = (
				F1236702213D5DA40052E8C2 /* newAppsDemo3 */,
			);
		};
/* End PBXProject section */

/* Begin PBXResourcesBuildPhase section */
		F1236701213D5DA40052E8C2 /* Resources */ = {
			isa = PBXResourcesBuildPhase;
			buildActionMask = 2147483647;
			files = (
				F123671D213D5F440052E8C2 /* sample.image8.2.png in Resources */,
				F1236720213D5F540052E8C2 /* sample.image8.png in Resources */,
				F1236721213D5F540052E8C2 /* sample.image8.1.png in Resources */,
				F1236711213D5DA50052E8C2 /* LaunchScreen.storyboard in Resources */,
				F123670E213D5DA50052E8C2 /* Assets.xcassets in Resources */,
				F123670C213D5DA40052E8C2 /* Main.storyboard in Resources */,
				F1236719213D5E1C0052E8C2 /* sample.mp4 in Resources */,
			);
			runOnlyForDeploymentPostprocessing = 0;
		};
/* End PBXResourcesBuildPhase section */

/* Begin PBXSourcesBuildPhase section */
		F12366FF213D5DA40052E8C2 /* Sources */ = {
			isa = PBXSourcesBuildPhase;
			buildActionMask = 2147483647;
			files = (
				F1236709213D5DA40052E8C2 /* ViewController.swift in Sources */,
				F1236707213D5DA40052E8C2 /* AppDelegate.swift in Sources */,
				F123671B213D5EAC0052E8C2 /* ViewController2.swift in Sources */,
			);
			runOnlyForDeploymentPostprocessing = 0;
		};
/* End PBXSourcesBuildPhase section */

/* Begin PBXVariantGroup section */
		F123670A213D5DA40052E8C2 /* Main.storyboard */ = {
			isa = PBXVariantGroup;
			children = (
				F123670B213D5DA40052E8C2 /* Base */,
			);
			name = Main.storyboard;
			sourceTree = "<group>";
		};
		F123670F213D5DA50052E8C2 /* LaunchScreen.storyboard */ = {
			isa = PBXVariantGroup;
			children = (
				F1236710213D5DA50052E8C2 /* Base */,
			);
			name = LaunchScreen.storyboard;
			sourceTree = "<group>";
		};
/* End PBXVariantGroup section */

/* Begin XCBuildConfiguration section */
		F1236713213D5DA50052E8C2 /* Debug */ = {
			isa = XCBuildConfiguration;
			buildSettings = {
				ALWAYS_SEARCH_USER_PATHS = NO;
				CLANG_ANALYZER_NONNULL = YES;
				CLANG_ANALYZER_NUMBER_OBJECT_CONVERSION = YES_AGGRESSIVE;
				CLANG_CXX_LANGUAGE_STANDARD = "gnu++14";
				CLANG_CXX_LIBRARY = "libc++";
				CLANG_ENABLE_MODULES = YES;
				CLANG_ENABLE_OBJC_ARC = YES;
				CLANG_ENABLE_OBJC_WEAK = YES;
				CLANG_WARN_BLOCK_CAPTURE_AUTORELEASING = YES;
				CLANG_WARN_BOOL_CONVERSION = YES;
				CLANG_WARN_COMMA = YES;
				CLANG_WARN_CONSTANT_CONVERSION = YES;
				CLANG_WARN_DEPRECATED_OBJC_IMPLEMENTATIONS = YES;
				CLANG_WARN_DIRECT_OBJC_ISA_USAGE = YES_ERROR;
				CLANG_WARN_DOCUMENTATION_COMMENTS = YES;
				CLANG_WARN_EMPTY_BODY = YES;
				CLANG_WARN_ENUM_CONVERSION = YES;
				CLANG_WARN_INFINITE_RECURSION = YES;
				CLANG_WARN_INT_CONVERSION = YES;
				CLANG_WARN_NON_LITERAL_NULL_CONVERSION = YES;
				CLANG_WARN_OBJC_IMPLICIT_RETAIN_SELF = YES;
				CLANG_WARN_OBJC_LITERAL_CONVERSION = YES;
				CLANG_WARN_OBJC_ROOT_CLASS = YES_ERROR;
				CLANG_WARN_RANGE_LOOP_ANALYSIS = YES;
				CLANG_WARN_STRICT_PROTOTYPES = YES;
				CLANG_WARN_SUSPICIOUS_MOVE = YES;
				CLANG_WARN_UNGUARDED_AVAILABILITY = YES_AGGRESSIVE;
				CLANG_WARN_UNREACHABLE_CODE = YES;
				CLANG_WARN__DUPLICATE_METHOD_MATCH = YES;
				CODE_SIGN_IDENTITY = "iPhone Developer";
				COPY_PHASE_STRIP = NO;
				DEBUG_INFORMATION_FORMAT = dwarf;
				ENABLE_STRICT_OBJC_MSGSEND = YES;
				ENABLE_TESTABILITY = YES;
				GCC_C_LANGUAGE_STANDARD = gnu11;
				GCC_DYNAMIC_NO_PIC = NO;
				GCC_NO_COMMON_BLOCKS = YES;
				GCC_OPTIMIZATION_LEVEL = 0;
				GCC_PREPROCESSOR_DEFINITIONS = (
					"DEBUG=1",
					"$(inherited)",
				);
				GCC_WARN_64_TO_32_BIT_CONVERSION = YES;
				GCC_WARN_ABOUT_RETURN_TYPE = YES_ERROR;
				GCC_WARN_UNDECLARED_SELECTOR = YES;
				GCC_WARN_UNINITIALIZED_AUTOS = YES_AGGRESSIVE;
				GCC_WARN_UNUSED_FUNCTION = YES;
				GCC_WARN_UNUSED_VARIABLE = YES;
				IPHONEOS_DEPLOYMENT_TARGET = 11.4;
				MTL_ENABLE_DEBUG_INFO = YES;
				ONLY_ACTIVE_ARCH = YES;
				SDKROOT = iphoneos;
				SWIFT_ACTIVE_COMPILATION_CONDITIONS = DEBUG;
				SWIFT_OPTIMIZATION_LEVEL = "-Onone";
			};
			name = Debug;
		};
		F1236714213D5DA50052E8C2 /* Release */ = {
			isa = XCBuildConfiguration;
			buildSettings = {
				ALWAYS_SEARCH_USER_PATHS = NO;
				CLANG_ANALYZER_NONNULL = YES;
				CLANG_ANALYZER_NUMBER_OBJECT_CONVERSION = YES_AGGRESSIVE;
				CLANG_CXX_LANGUAGE_STANDARD = "gnu++14";
				CLANG_CXX_LIBRARY = "libc++";
				CLANG_ENABLE_MODULES = YES;
				CLANG_ENABLE_OBJC_ARC = YES;
				CLANG_ENABLE_OBJC_WEAK = YES;
				CLANG_WARN_BLOCK_CAPTURE_AUTORELEASING = YES;
				CLANG_WARN_BOOL_CONVERSION = YES;
				CLANG_WARN_COMMA = YES;
				CLANG_WARN_CONSTANT_CONVERSION = YES;
				CLANG_WARN_DEPRECATED_OBJC_IMPLEMENTATIONS = YES;
				CLANG_WARN_DIRECT_OBJC_ISA_USAGE = YES_ERROR;
				CLANG_WARN_DOCUMENTATION_COMMENTS = YES;
				CLANG_WARN_EMPTY_BODY = YES;
				CLANG_WARN_ENUM_CONVERSION = YES;
				CLANG_WARN_INFINITE_RECURSION = YES;
				CLANG_WARN_INT_CONVERSION = YES;
				CLANG_WARN_NON_LITERAL_NULL_CONVERSION = YES;
				CLANG_WARN_OBJC_IMPLICIT_RETAIN_SELF = YES;
				CLANG_WARN_OBJC_LITERAL_CONVERSION = YES;
				CLANG_WARN_OBJC_ROOT_CLASS = YES_ERROR;
				CLANG_WARN_RANGE_LOOP_ANALYSIS = YES;
				CLANG_WARN_STRICT_PROTOTYPES = YES;
				CLANG_WARN_SUSPICIOUS_MOVE = YES;
				CLANG_WARN_UNGUARDED_AVAILABILITY = YES_AGGRESSIVE;
				CLANG_WARN_UNREACHABLE_CODE = YES;
				CLANG_WARN__DUPLICATE_METHOD_MATCH = YES;
				CODE_SIGN_IDENTITY = "iPhone Developer";
				COPY_PHASE_STRIP = NO;
				DEBUG_INFORMATION_FORMAT = "dwarf-with-dsym";
				ENABLE_NS_ASSERTIONS = NO;
				ENABLE_STRICT_OBJC_MSGSEND = YES;
				GCC_C_LANGUAGE_STANDARD = gnu11;
				GCC_NO_COMMON_BLOCKS = YES;
				GCC_WARN_64_TO_32_BIT_CONVERSION = YES;
				GCC_WARN_ABOUT_RETURN_TYPE = YES_ERROR;
				GCC_WARN_UNDECLARED_SELECTOR = YES;
				GCC_WARN_UNINITIALIZED_AUTOS = YES_AGGRESSIVE;
				GCC_WARN_UNUSED_FUNCTION = YES;
				GCC_WARN_UNUSED_VARIABLE = YES;
				IPHONEOS_DEPLOYMENT_TARGET = 11.4;
				MTL_ENABLE_DEBUG_INFO = NO;
				SDKROOT = iphoneos;
				SWIFT_COMPILATION_MODE = wholemodule;
				SWIFT_OPTIMIZATION_LEVEL = "-O";
				VALIDATE_PRODUCT = YES;
			};
			name = Release;
		};
		F1236716213D5DA50052E8C2 /* Debug */ = {
			isa = XCBuildConfiguration;
			buildSettings = {
				ASSETCATALOG_COMPILER_APPICON_NAME = AppIcon;
				CODE_SIGN_STYLE = Automatic;
				DEVELOPMENT_TEAM = LTF785SAJV;
				INFOPLIST_FILE = newAppsDemo3/Info.plist;
				LD_RUNPATH_SEARCH_PATHS = (
					"$(inherited)",
					"@executable_path/Frameworks",
				);
				PRODUCT_BUNDLE_IDENTIFIER = "com.icloud-afewgoodken.newAppsDemo3";
				PRODUCT_NAME = "$(TARGET_NAME)";
				SWIFT_VERSION = 4.0;
				TARGETED_DEVICE_FAMILY = "1,2";
			};
			name = Debug;
		};
		F1236717213D5DA50052E8C2 /* Release */ = {
			isa = XCBuildConfiguration;
			buildSettings = {
				ASSETCATALOG_COMPILER_APPICON_NAME = AppIcon;
				CODE_SIGN_STYLE = Automatic;
				DEVELOPMENT_TEAM = LTF785SAJV;
				INFOPLIST_FILE = newAppsDemo3/Info.plist;
				LD_RUNPATH_SEARCH_PATHS = (
					"$(inherited)",
					"@executable_path/Frameworks",
				);
				PRODUCT_BUNDLE_IDENTIFIER = "com.icloud-afewgoodken.newAppsDemo3";
				PRODUCT_NAME = "$(TARGET_NAME)";
				SWIFT_VERSION = 4.0;
				TARGETED_DEVICE_FAMILY = "1,2";
			};
			name = Release;
		};
/* End XCBuildConfiguration section */

/* Begin XCConfigurationList section */
		F12366FE213D5DA40052E8C2 /* Build configuration list for PBXProject "newAppsDemo3" */ = {
			isa = XCConfigurationList;
			buildConfigurations = (
				F1236713213D5DA50052E8C2 /* Debug */,
				F1236714213D5DA50052E8C2 /* Release */,
			);
			defaultConfigurationIsVisible = 0;
			defaultConfigurationName = Release;
		};
		F1236715213D5DA50052E8C2 /* Build configuration list for PBXNativeTarget "newAppsDemo3" */ = {
			isa = XCConfigurationList;
			buildConfigurations = (
				F1236716213D5DA50052E8C2 /* Debug */,
				F1236717213D5DA50052E8C2 /* Release */,
			);
			defaultConfigurationIsVisible = 0;
			defaultConfigurationName = Release;
		};
/* End XCConfigurationList section */
	};
	rootObject = F12366FB213D5DA40052E8C2 /* Project object */;
}
